
Microsoft Visual Studio Solution File, Format Version 12.00
# Visual Studio Version 17
VisualStudioVersion = 17.13.35825.156
MinimumVisualStudioVersion = 10.0.40219.1
Project("{FAE04EC0-301F-11D3-BF4B-00C04F79EFBC}") = "ChatApplication", "ChatApplication\ChatApplication.csproj", "{A072058B-A1C0-47A7-A869-DCB80EBEA14A}"
EndProject
Global
	GlobalSection(SolutionConfigurationPlatforms) = preSolution
		Debug|Any CPU = Debug|Any CPU
		Release|Any CPU = Release|Any CPU
	EndGlobalSection
	GlobalSection(ProjectConfigurationPlatforms) = postSolution
		{A072058B-A1C0-47A7-A869-DCB80EBEA14A}.Debug|Any CPU.ActiveCfg = Debug|Any CPU
		{A072058B-A1C0-47A7-A869-DCB80EBEA14A}.Debug|Any CPU.Build.0 = Debug|Any CPU
		{A072058B-A1C0-47A7-A869-DCB80EBEA14A}.Release|Any CPU.ActiveCfg = Release|Any CPU
		{A072058B-A1C0-47A7-A869-DCB80EBEA14A}.Release|Any CPU.Build.0 = Release|Any CPU
	EndGlobalSection
	GlobalSection(SolutionProperties) = preSolution
		HideSolutionNode = FALSE
	EndGlobalSection
	GlobalSection(ExtensibilityGlobals) = postSolution
		SolutionGuid = {DBFF3D4D-FFC9-4B38-B17E-D8C4D4AE5A08}
	EndGlobalSection
EndGlobal
